# This file was autogenerated by Stack.
# You should not edit this file by hand.
# For more information, please see the documentation at:
#   https://docs.haskellstack.org/en/stable/lock_files

packages:
- completed:
    size: 8496
    url: https://github.com/rubenmoor/my-palantype/archive/827b1bd62c325557b518d93f0ec7cc892d41ed80.tar.gz
    name: my-palantype
    version: 1.0.0.0
    sha256: 291bb5e6fbbb02e8e537972373826e01286e58aea2050e0e84c1ecad9ed0b2e7
    pantry-tree:
      size: 806
      sha256: df48104ae32f8b7309257a196f9b2d972030bb71dc701c4fbc4b6a81e67306e2
  original:
    url: https://github.com/rubenmoor/my-palantype/archive/827b1bd62c325557b518d93f0ec7cc892d41ed80.tar.gz
- completed:
    hackage: bytestring-trie-0.2.6@sha256:ba9907193f2ef0c2bd3d83dbf5a10182d456acb6127d33cc9931d6b55b1a3e0e,4698
    pantry-tree:
      size: 814
      sha256: bab255b3ec340550f7d4fc1e1ef6a7bc61768288cfdd4620e76640d0b6bc0472
  original:
    hackage: bytestring-trie-0.2.6
snapshots:
- completed:
    size: 527836
    url: https://raw.githubusercontent.com/commercialhaskell/stackage-snapshots/master/lts/11/22.yaml
    sha256: 341870ac98d8a9f8f77c4adf2e9e0b22063e264a7fbeb4c85b7af5f380dac60e
  original: lts-11.22
